// !$*UTF8*$!
{
	archiveVersion = 1;
	classes = {
	};
	objectVersion = 50;
	objects = {

/* Begin PBXBuildFile section */
		3A05489A237D54F700B44E35 /* ProfileViewController.swift in Sources */ = {isa = PBXBuildFile; fileRef = 3A054899237D54F700B44E35 /* ProfileViewController.swift */; };
		3A05489C237E150B00B44E35 /* Roboto-Black.ttf in Resources */ = {isa = PBXBuildFile; fileRef = 3A05489B237E150B00B44E35 /* Roboto-Black.ttf */; };
		4F04DBA9237E2F4E0047083F /* RecipeViewController.swift in Sources */ = {isa = PBXBuildFile; fileRef = 4F04DBA8237E2F4E0047083F /* RecipeViewController.swift */; };
		4F5EEE942373E0E5000319CE /* AppDelegate.swift in Sources */ = {isa = PBXBuildFile; fileRef = 4F5EEE932373E0E5000319CE /* AppDelegate.swift */; };
		4F5EEE962373E0E5000319CE /* SceneDelegate.swift in Sources */ = {isa = PBXBuildFile; fileRef = 4F5EEE952373E0E5000319CE /* SceneDelegate.swift */; };
		4F5EEE982373E0E5000319CE /* ViewController.swift in Sources */ = {isa = PBXBuildFile; fileRef = 4F5EEE972373E0E5000319CE /* ViewController.swift */; };
		4F5EEE9E2373E0E5000319CE /* Frydge.xcdatamodeld in Sources */ = {isa = PBXBuildFile; fileRef = 4F5EEE9C2373E0E5000319CE /* Frydge.xcdatamodeld */; };
		4F5EEEA02373E0E9000319CE /* Assets.xcassets in Resources */ = {isa = PBXBuildFile; fileRef = 4F5EEE9F2373E0E9000319CE /* Assets.xcassets */; };
		4F5EEEA32373E0E9000319CE /* LaunchScreen.storyboard in Resources */ = {isa = PBXBuildFile; fileRef = 4F5EEEA12373E0E9000319CE /* LaunchScreen.storyboard */; };
		4F5EEEAB2373E19F000319CE /* MainTabBarController.swift in Sources */ = {isa = PBXBuildFile; fileRef = 4F5EEEAA2373E19F000319CE /* MainTabBarController.swift */; };
		4F5EEEAD2373E30A000319CE /* Main.storyboard in Resources */ = {isa = PBXBuildFile; fileRef = 4F5EEEAC2373E30A000319CE /* Main.storyboard */; };
		4F99AB9D2374ED160065FE7D /* Recipe.swift in Sources */ = {isa = PBXBuildFile; fileRef = 4F99AB9C2374ED160065FE7D /* Recipe.swift */; };
		6EEC67CC237C934C0050B605 /* RecipeSearchViewController.swift in Sources */ = {isa = PBXBuildFile; fileRef = 6EEC67CB237C934C0050B605 /* RecipeSearchViewController.swift */; };
		9E60AF31237CD27D00FB7D44 /* PersonalData.swift in Sources */ = {isa = PBXBuildFile; fileRef = 9E60AF30237CD27D00FB7D44 /* PersonalData.swift */; };
		9E60AF33237CD2D500FB7D44 /* RecipeStore.swift in Sources */ = {isa = PBXBuildFile; fileRef = 9E60AF32237CD2D500FB7D44 /* RecipeStore.swift */; };
		A705FA9A237CC1B300C7520F /* CookbookViewController.swift in Sources */ = {isa = PBXBuildFile; fileRef = A705FA98237CBDA600C7520F /* CookbookViewController.swift */; };
		A705FAA8237CFC5300C7520F /* FrydgeTests.swift in Sources */ = {isa = PBXBuildFile; fileRef = A705FAA7237CFC5300C7520F /* FrydgeTests.swift */; };
		A705FAB2237D013000C7520F /* HeaderView.xib in Resources */ = {isa = PBXBuildFile; fileRef = A705FAB1237D013000C7520F /* HeaderView.xib */; };
		A705FAB7237DDC6700C7520F /* Comfortaa.ttf in Resources */ = {isa = PBXBuildFile; fileRef = A705FAB6237DDC6700C7520F /* Comfortaa.ttf */; };
/* End PBXBuildFile section */

/* Begin PBXContainerItemProxy section */
		A705FAAA237CFC5300C7520F /* PBXContainerItemProxy */ = {
			isa = PBXContainerItemProxy;
			containerPortal = 4F5EEE882373E0E5000319CE /* Project object */;
			proxyType = 1;
			remoteGlobalIDString = 4F5EEE8F2373E0E5000319CE;
			remoteInfo = Frydge;
		};
/* End PBXContainerItemProxy section */

/* Begin PBXFileReference section */
		3A054899237D54F700B44E35 /* ProfileViewController.swift */ = {isa = PBXFileReference; lastKnownFileType = sourcecode.swift; path = ProfileViewController.swift; sourceTree = "<group>"; };
		3A05489B237E150B00B44E35 /* Roboto-Black.ttf */ = {isa = PBXFileReference; lastKnownFileType = file; name = "Roboto-Black.ttf"; path = "Frydge/Roboto-Black.ttf"; sourceTree = SOURCE_ROOT; };
		4F04DBA8237E2F4E0047083F /* RecipeViewController.swift */ = {isa = PBXFileReference; lastKnownFileType = sourcecode.swift; path = RecipeViewController.swift; sourceTree = "<group>"; };
		4F5EEE902373E0E5000319CE /* Frydge.app */ = {isa = PBXFileReference; explicitFileType = wrapper.application; includeInIndex = 0; path = Frydge.app; sourceTree = BUILT_PRODUCTS_DIR; };
		4F5EEE932373E0E5000319CE /* AppDelegate.swift */ = {isa = PBXFileReference; lastKnownFileType = sourcecode.swift; path = AppDelegate.swift; sourceTree = "<group>"; };
		4F5EEE952373E0E5000319CE /* SceneDelegate.swift */ = {isa = PBXFileReference; lastKnownFileType = sourcecode.swift; path = SceneDelegate.swift; sourceTree = "<group>"; };
		4F5EEE972373E0E5000319CE /* ViewController.swift */ = {isa = PBXFileReference; lastKnownFileType = sourcecode.swift; path = ViewController.swift; sourceTree = "<group>"; };
		4F5EEE9D2373E0E5000319CE /* Frydge.xcdatamodel */ = {isa = PBXFileReference; lastKnownFileType = wrapper.xcdatamodel; path = Frydge.xcdatamodel; sourceTree = "<group>"; };
		4F5EEE9F2373E0E9000319CE /* Assets.xcassets */ = {isa = PBXFileReference; lastKnownFileType = folder.assetcatalog; path = Assets.xcassets; sourceTree = "<group>"; };
		4F5EEEA22373E0E9000319CE /* Base */ = {isa = PBXFileReference; lastKnownFileType = file.storyboard; name = Base; path = Base.lproj/LaunchScreen.storyboard; sourceTree = "<group>"; };
		4F5EEEA42373E0E9000319CE /* Info.plist */ = {isa = PBXFileReference; lastKnownFileType = text.plist.xml; path = Info.plist; sourceTree = "<group>"; };
		4F5EEEAA2373E19F000319CE /* MainTabBarController.swift */ = {isa = PBXFileReference; lastKnownFileType = sourcecode.swift; path = MainTabBarController.swift; sourceTree = "<group>"; };
		4F5EEEAC2373E30A000319CE /* Main.storyboard */ = {isa = PBXFileReference; fileEncoding = 4; lastKnownFileType = file.storyboard; path = Main.storyboard; sourceTree = "<group>"; };
		4F99AB9C2374ED160065FE7D /* Recipe.swift */ = {isa = PBXFileReference; lastKnownFileType = sourcecode.swift; path = Recipe.swift; sourceTree = "<group>"; };
		6EEC67CB237C934C0050B605 /* RecipeSearchViewController.swift */ = {isa = PBXFileReference; lastKnownFileType = sourcecode.swift; path = RecipeSearchViewController.swift; sourceTree = "<group>"; };
		9E60AF30237CD27D00FB7D44 /* PersonalData.swift */ = {isa = PBXFileReference; lastKnownFileType = sourcecode.swift; path = PersonalData.swift; sourceTree = "<group>"; };
		9E60AF32237CD2D500FB7D44 /* RecipeStore.swift */ = {isa = PBXFileReference; lastKnownFileType = sourcecode.swift; path = RecipeStore.swift; sourceTree = "<group>"; };
		A705FA98237CBDA600C7520F /* CookbookViewController.swift */ = {isa = PBXFileReference; lastKnownFileType = sourcecode.swift; path = CookbookViewController.swift; sourceTree = "<group>"; };
		A705FA9B237CC48700C7520F /* Frydge */ = {isa = PBXFileReference; lastKnownFileType = folder; path = Frydge; sourceTree = "<group>"; };
		A705FAA5237CFC5300C7520F /* FrydgeTests.xctest */ = {isa = PBXFileReference; explicitFileType = wrapper.cfbundle; includeInIndex = 0; path = FrydgeTests.xctest; sourceTree = BUILT_PRODUCTS_DIR; };
		A705FAA7237CFC5300C7520F /* FrydgeTests.swift */ = {isa = PBXFileReference; lastKnownFileType = sourcecode.swift; path = FrydgeTests.swift; sourceTree = "<group>"; };
		A705FAA9237CFC5300C7520F /* Info.plist */ = {isa = PBXFileReference; lastKnownFileType = text.plist.xml; path = Info.plist; sourceTree = "<group>"; };
		A705FAB1237D013000C7520F /* HeaderView.xib */ = {isa = PBXFileReference; lastKnownFileType = file.xib; path = HeaderView.xib; sourceTree = "<group>"; };
		A705FAB6237DDC6700C7520F /* Comfortaa.ttf */ = {isa = PBXFileReference; lastKnownFileType = file; path = Comfortaa.ttf; sourceTree = "<group>"; };
/* End PBXFileReference section */

/* Begin PBXFrameworksBuildPhase section */
		4F5EEE8D2373E0E5000319CE /* Frameworks */ = {
			isa = PBXFrameworksBuildPhase;
			buildActionMask = 2147483647;
			files = (
			);
			runOnlyForDeploymentPostprocessing = 0;
		};
		A705FAA2237CFC5300C7520F /* Frameworks */ = {
			isa = PBXFrameworksBuildPhase;
			buildActionMask = 2147483647;
			files = (
			);
			runOnlyForDeploymentPostprocessing = 0;
		};
/* End PBXFrameworksBuildPhase section */

/* Begin PBXGroup section */
		4F5EEE872373E0E5000319CE = {
			isa = PBXGroup;
			children = (
				4F5EEE922373E0E5000319CE /* Frydge */,
				A705FAA6237CFC5300C7520F /* FrydgeTests */,
				4F5EEE912373E0E5000319CE /* Products */,
			);
			sourceTree = "<group>";
		};
		4F5EEE912373E0E5000319CE /* Products */ = {
			isa = PBXGroup;
			children = (
				4F5EEE902373E0E5000319CE /* Frydge.app */,
				A705FAA5237CFC5300C7520F /* FrydgeTests.xctest */,
			);
			name = Products;
			sourceTree = "<group>";
		};
		4F5EEE922373E0E5000319CE /* Frydge */ = {
			isa = PBXGroup;
			children = (
				A705FAB6237DDC6700C7520F /* Comfortaa.ttf */,
				3A0F9040237E379D00CF6A1B /* Roboto-Black.ttf */,
				A705FAB1237D013000C7520F /* HeaderView.xib */,
				4F5EEE932373E0E5000319CE /* AppDelegate.swift */,
				4F5EEEAC2373E30A000319CE /* Main.storyboard */,
				4F5EEEAA2373E19F000319CE /* MainTabBarController.swift */,
				4F5EEE952373E0E5000319CE /* SceneDelegate.swift */,
				9E60AF32237CD2D500FB7D44 /* RecipeStore.swift */,
				9E60AF30237CD27D00FB7D44 /* PersonalData.swift */,
				6EEC67CB237C934C0050B605 /* RecipeSearchViewController.swift */,
				3A054899237D54F700B44E35 /* ProfileViewController.swift */,
				4F04DBA8237E2F4E0047083F /* RecipeViewController.swift */,
				A705FA98237CBDA600C7520F /* CookbookViewController.swift */,
				4F5EEE972373E0E5000319CE /* ViewController.swift */,
				4F5EEE9F2373E0E9000319CE /* Assets.xcassets */,
				4F99AB9C2374ED160065FE7D /* Recipe.swift */,
				A705FA9B237CC48700C7520F /* Frydge */,
				4F5EEEA12373E0E9000319CE /* LaunchScreen.storyboard */,
				4F5EEEA42373E0E9000319CE /* Info.plist */,
				4F5EEE9C2373E0E5000319CE /* Frydge.xcdatamodeld */,
			);
			path = Frydge;
			sourceTree = "<group>";
		};
		A705FAA6237CFC5300C7520F /* FrydgeTests */ = {
			isa = PBXGroup;
			children = (
				A705FAA7237CFC5300C7520F /* FrydgeTests.swift */,
				A705FAA9237CFC5300C7520F /* Info.plist */,
			);
			path = FrydgeTests;
			sourceTree = "<group>";
		};
/* End PBXGroup section */

/* Begin PBXNativeTarget section */
		4F5EEE8F2373E0E5000319CE /* Frydge */ = {
			isa = PBXNativeTarget;
			buildConfigurationList = 4F5EEEA72373E0E9000319CE /* Build configuration list for PBXNativeTarget "Frydge" */;
			buildPhases = (
				4F5EEE8C2373E0E5000319CE /* Sources */,
				4F5EEE8D2373E0E5000319CE /* Frameworks */,
				4F5EEE8E2373E0E5000319CE /* Resources */,
			);
			buildRules = (
			);
			dependencies = (
			);
			name = Frydge;
			productName = Frydge;
			productReference = 4F5EEE902373E0E5000319CE /* Frydge.app */;
			productType = "com.apple.product-type.application";
		};
		A705FAA4237CFC5300C7520F /* FrydgeTests */ = {
			isa = PBXNativeTarget;
			buildConfigurationList = A705FAAE237CFC5300C7520F /* Build configuration list for PBXNativeTarget "FrydgeTests" */;
			buildPhases = (
				A705FAA1237CFC5300C7520F /* Sources */,
				A705FAA2237CFC5300C7520F /* Frameworks */,
				A705FAA3237CFC5300C7520F /* Resources */,
			);
			buildRules = (
			);
			dependencies = (
				A705FAAB237CFC5300C7520F /* PBXTargetDependency */,
			);
			name = FrydgeTests;
			productName = FrydgeTests;
			productReference = A705FAA5237CFC5300C7520F /* FrydgeTests.xctest */;
			productType = "com.apple.product-type.bundle.unit-test";
		};
/* End PBXNativeTarget section */

/* Begin PBXProject section */
		4F5EEE882373E0E5000319CE /* Project object */ = {
			isa = PBXProject;
			attributes = {
				DefaultBuildSystemTypeForWorkspace = Original;
				LastSwiftUpdateCheck = 1120;
				LastUpgradeCheck = 1100;
				ORGANIZATIONNAME = "Frydge Co.";
				TargetAttributes = {
					4F5EEE8F2373E0E5000319CE = {
						CreatedOnToolsVersion = 11.0;
					};
					A705FAA4237CFC5300C7520F = {
						CreatedOnToolsVersion = 11.2;
						TestTargetID = 4F5EEE8F2373E0E5000319CE;
					};
				};
			};
			buildConfigurationList = 4F5EEE8B2373E0E5000319CE /* Build configuration list for PBXProject "Frydge" */;
			compatibilityVersion = "Xcode 9.3";
			developmentRegion = en;
			hasScannedForEncodings = 0;
			knownRegions = (
				en,
				Base,
			);
			mainGroup = 4F5EEE872373E0E5000319CE;
			productRefGroup = 4F5EEE912373E0E5000319CE /* Products */;
			projectDirPath = "";
			projectRoot = "";
			targets = (
				4F5EEE8F2373E0E5000319CE /* Frydge */,
				A705FAA4237CFC5300C7520F /* FrydgeTests */,
			);
		};
/* End PBXProject section */

/* Begin PBXResourcesBuildPhase section */
		4F5EEE8E2373E0E5000319CE /* Resources */ = {
			isa = PBXResourcesBuildPhase;
			buildActionMask = 2147483647;
			files = (
				A705FAB2237D013000C7520F /* HeaderView.xib in Resources */,
				4F5EEEAD2373E30A000319CE /* Main.storyboard in Resources */,
				4F5EEEA32373E0E9000319CE /* LaunchScreen.storyboard in Resources */,
				4F5EEEA02373E0E9000319CE /* Assets.xcassets in Resources */,
				A705FAB7237DDC6700C7520F /* Comfortaa.ttf in Resources */,
				3A0F9041237E379D00CF6A1B /* Roboto-Black.ttf in Resources */,
			);
			runOnlyForDeploymentPostprocessing = 0;
		};
		A705FAA3237CFC5300C7520F /* Resources */ = {
			isa = PBXResourcesBuildPhase;
			buildActionMask = 2147483647;
			files = (
			);
			runOnlyForDeploymentPostprocessing = 0;
		};
/* End PBXResourcesBuildPhase section */

/* Begin PBXSourcesBuildPhase section */
		4F5EEE8C2373E0E5000319CE /* Sources */ = {
			isa = PBXSourcesBuildPhase;
			buildActionMask = 2147483647;
			files = (
				6EEC67CC237C934C0050B605 /* RecipeSearchViewController.swift in Sources */,
				4F5EEE9E2373E0E5000319CE /* Frydge.xcdatamodeld in Sources */,
				4F5EEE982373E0E5000319CE /* ViewController.swift in Sources */,
				9E60AF31237CD27D00FB7D44 /* PersonalData.swift in Sources */,
				4F5EEEAB2373E19F000319CE /* MainTabBarController.swift in Sources */,
				4F99AB9D2374ED160065FE7D /* Recipe.swift in Sources */,
				A705FA9A237CC1B300C7520F /* CookbookViewController.swift in Sources */,
				4F5EEE942373E0E5000319CE /* AppDelegate.swift in Sources */,
				4F04DBA9237E2F4E0047083F /* RecipeViewController.swift in Sources */,
				3A05489A237D54F700B44E35 /* ProfileViewController.swift in Sources */,
				4F5EEE962373E0E5000319CE /* SceneDelegate.swift in Sources */,
				9E60AF33237CD2D500FB7D44 /* RecipeStore.swift in Sources */,
			);
			runOnlyForDeploymentPostprocessing = 0;
		};
		A705FAA1237CFC5300C7520F /* Sources */ = {
			isa = PBXSourcesBuildPhase;
			buildActionMask = 2147483647;
			files = (
				A705FAA8237CFC5300C7520F /* FrydgeTests.swift in Sources */,
			);
			runOnlyForDeploymentPostprocessing = 0;
		};
/* End PBXSourcesBuildPhase section */

/* Begin PBXTargetDependency section */
		A705FAAB237CFC5300C7520F /* PBXTargetDependency */ = {
			isa = PBXTargetDependency;
			target = 4F5EEE8F2373E0E5000319CE /* Frydge */;
			targetProxy = A705FAAA237CFC5300C7520F /* PBXContainerItemProxy */;
		};
/* End PBXTargetDependency section */

/* Begin PBXVariantGroup section */
		4F5EEEA12373E0E9000319CE /* LaunchScreen.storyboard */ = {
			isa = PBXVariantGroup;
			children = (
				4F5EEEA22373E0E9000319CE /* Base */,
			);
			name = LaunchScreen.storyboard;
			sourceTree = "<group>";
		};
/* End PBXVariantGroup section */

/* Begin XCBuildConfiguration section */
		4F5EEEA52373E0E9000319CE /* Debug */ = {
			isa = XCBuildConfiguration;
			buildSettings = {
				ALWAYS_SEARCH_USER_PATHS = NO;
				CLANG_ANALYZER_NONNULL = YES;
				CLANG_ANALYZER_NUMBER_OBJECT_CONVERSION = YES_AGGRESSIVE;
				CLANG_CXX_LANGUAGE_STANDARD = "gnu++14";
				CLANG_CXX_LIBRARY = "libc++";
				CLANG_ENABLE_MODULES = YES;
				CLANG_ENABLE_OBJC_ARC = YES;
				CLANG_ENABLE_OBJC_WEAK = YES;
				CLANG_WARN_BLOCK_CAPTURE_AUTORELEASING = YES;
				CLANG_WARN_BOOL_CONVERSION = YES;
				CLANG_WARN_COMMA = YES;
				CLANG_WARN_CONSTANT_CONVERSION = YES;
				CLANG_WARN_DEPRECATED_OBJC_IMPLEMENTATIONS = YES;
				CLANG_WARN_DIRECT_OBJC_ISA_USAGE = YES_ERROR;
				CLANG_WARN_DOCUMENTATION_COMMENTS = YES;
				CLANG_WARN_EMPTY_BODY = YES;
				CLANG_WARN_ENUM_CONVERSION = YES;
				CLANG_WARN_INFINITE_RECURSION = YES;
				CLANG_WARN_INT_CONVERSION = YES;
				CLANG_WARN_NON_LITERAL_NULL_CONVERSION = YES;
				CLANG_WARN_OBJC_IMPLICIT_RETAIN_SELF = YES;
				CLANG_WARN_OBJC_LITERAL_CONVERSION = YES;
				CLANG_WARN_OBJC_ROOT_CLASS = YES_ERROR;
				CLANG_WARN_RANGE_LOOP_ANALYSIS = YES;
				CLANG_WARN_STRICT_PROTOTYPES = YES;
				CLANG_WARN_SUSPICIOUS_MOVE = YES;
				CLANG_WARN_UNGUARDED_AVAILABILITY = YES_AGGRESSIVE;
				CLANG_WARN_UNREACHABLE_CODE = YES;
				CLANG_WARN__DUPLICATE_METHOD_MATCH = YES;
				COPY_PHASE_STRIP = NO;
				DEBUG_INFORMATION_FORMAT = dwarf;
				ENABLE_STRICT_OBJC_MSGSEND = YES;
				ENABLE_TESTABILITY = YES;
				GCC_C_LANGUAGE_STANDARD = gnu11;
				GCC_DYNAMIC_NO_PIC = NO;
				GCC_NO_COMMON_BLOCKS = YES;
				GCC_OPTIMIZATION_LEVEL = 0;
				GCC_PREPROCESSOR_DEFINITIONS = (
					"DEBUG=1",
					"$(inherited)",
				);
				GCC_WARN_64_TO_32_BIT_CONVERSION = YES;
				GCC_WARN_ABOUT_RETURN_TYPE = YES_ERROR;
				GCC_WARN_UNDECLARED_SELECTOR = YES;
				GCC_WARN_UNINITIALIZED_AUTOS = YES_AGGRESSIVE;
				GCC_WARN_UNUSED_FUNCTION = YES;
				GCC_WARN_UNUSED_VARIABLE = YES;
				IPHONEOS_DEPLOYMENT_TARGET = 13.0;
				MTL_ENABLE_DEBUG_INFO = INCLUDE_SOURCE;
				MTL_FAST_MATH = YES;
				ONLY_ACTIVE_ARCH = YES;
				SDKROOT = iphoneos;
				SWIFT_ACTIVE_COMPILATION_CONDITIONS = DEBUG;
				SWIFT_OPTIMIZATION_LEVEL = "-Onone";
			};
			name = Debug;
		};
		4F5EEEA62373E0E9000319CE /* Release */ = {
			isa = XCBuildConfiguration;
			buildSettings = {
				ALWAYS_SEARCH_USER_PATHS = NO;
				CLANG_ANALYZER_NONNULL = YES;
				CLANG_ANALYZER_NUMBER_OBJECT_CONVERSION = YES_AGGRESSIVE;
				CLANG_CXX_LANGUAGE_STANDARD = "gnu++14";
				CLANG_CXX_LIBRARY = "libc++";
				CLANG_ENABLE_MODULES = YES;
				CLANG_ENABLE_OBJC_ARC = YES;
				CLANG_ENABLE_OBJC_WEAK = YES;
				CLANG_WARN_BLOCK_CAPTURE_AUTORELEASING = YES;
				CLANG_WARN_BOOL_CONVERSION = YES;
				CLANG_WARN_COMMA = YES;
				CLANG_WARN_CONSTANT_CONVERSION = YES;
				CLANG_WARN_DEPRECATED_OBJC_IMPLEMENTATIONS = YES;
				CLANG_WARN_DIRECT_OBJC_ISA_USAGE = YES_ERROR;
				CLANG_WARN_DOCUMENTATION_COMMENTS = YES;
				CLANG_WARN_EMPTY_BODY = YES;
				CLANG_WARN_ENUM_CONVERSION = YES;
				CLANG_WARN_INFINITE_RECURSION = YES;
				CLANG_WARN_INT_CONVERSION = YES;
				CLANG_WARN_NON_LITERAL_NULL_CONVERSION = YES;
				CLANG_WARN_OBJC_IMPLICIT_RETAIN_SELF = YES;
				CLANG_WARN_OBJC_LITERAL_CONVERSION = YES;
				CLANG_WARN_OBJC_ROOT_CLASS = YES_ERROR;
				CLANG_WARN_RANGE_LOOP_ANALYSIS = YES;
				CLANG_WARN_STRICT_PROTOTYPES = YES;
				CLANG_WARN_SUSPICIOUS_MOVE = YES;
				CLANG_WARN_UNGUARDED_AVAILABILITY = YES_AGGRESSIVE;
				CLANG_WARN_UNREACHABLE_CODE = YES;
				CLANG_WARN__DUPLICATE_METHOD_MATCH = YES;
				COPY_PHASE_STRIP = NO;
				DEBUG_INFORMATION_FORMAT = "dwarf-with-dsym";
				ENABLE_NS_ASSERTIONS = NO;
				ENABLE_STRICT_OBJC_MSGSEND = YES;
				GCC_C_LANGUAGE_STANDARD = gnu11;
				GCC_NO_COMMON_BLOCKS = YES;
				GCC_WARN_64_TO_32_BIT_CONVERSION = YES;
				GCC_WARN_ABOUT_RETURN_TYPE = YES_ERROR;
				GCC_WARN_UNDECLARED_SELECTOR = YES;
				GCC_WARN_UNINITIALIZED_AUTOS = YES_AGGRESSIVE;
				GCC_WARN_UNUSED_FUNCTION = YES;
				GCC_WARN_UNUSED_VARIABLE = YES;
				IPHONEOS_DEPLOYMENT_TARGET = 13.0;
				MTL_ENABLE_DEBUG_INFO = NO;
				MTL_FAST_MATH = YES;
				SDKROOT = iphoneos;
				SWIFT_COMPILATION_MODE = wholemodule;
				SWIFT_OPTIMIZATION_LEVEL = "-O";
				VALIDATE_PRODUCT = YES;
			};
			name = Release;
		};
		4F5EEEA82373E0E9000319CE /* Debug */ = {
			isa = XCBuildConfiguration;
			buildSettings = {
				ASSETCATALOG_COMPILER_APPICON_NAME = AppIcon;
				CODE_SIGN_STYLE = Automatic;
				INFOPLIST_FILE = Frydge/Info.plist;
				LD_RUNPATH_SEARCH_PATHS = (
					"$(inherited)",
					"@executable_path/Frameworks",
				);
				PRODUCT_BUNDLE_IDENTIFIER = com.frydgeco.Frydge;
				PRODUCT_NAME = "$(TARGET_NAME)";
				SWIFT_VERSION = 5.0;
				TARGETED_DEVICE_FAMILY = "1,2";
			};
			name = Debug;
		};
		4F5EEEA92373E0E9000319CE /* Release */ = {
			isa = XCBuildConfiguration;
			buildSettings = {
				ASSETCATALOG_COMPILER_APPICON_NAME = AppIcon;
				CODE_SIGN_STYLE = Automatic;
				INFOPLIST_FILE = Frydge/Info.plist;
				LD_RUNPATH_SEARCH_PATHS = (
					"$(inherited)",
					"@executable_path/Frameworks",
				);
				PRODUCT_BUNDLE_IDENTIFIER = com.frydgeco.Frydge;
				PRODUCT_NAME = "$(TARGET_NAME)";
				SWIFT_VERSION = 5.0;
				TARGETED_DEVICE_FAMILY = "1,2";
			};
			name = Release;
		};
		A705FAAC237CFC5300C7520F /* Debug */ = {
			isa = XCBuildConfiguration;
			buildSettings = {
				BUNDLE_LOADER = "$(TEST_HOST)";
				CODE_SIGN_STYLE = Automatic;
				INFOPLIST_FILE = FrydgeTests/Info.plist;
				IPHONEOS_DEPLOYMENT_TARGET = 13.2;
				LD_RUNPATH_SEARCH_PATHS = (
					"$(inherited)",
					"@executable_path/Frameworks",
					"@loader_path/Frameworks",
				);
				PRODUCT_BUNDLE_IDENTIFIER = Frydge.FrydgeTests;
				PRODUCT_NAME = "$(TARGET_NAME)";
				SWIFT_VERSION = 5.0;
				TARGETED_DEVICE_FAMILY = "1,2";
				TEST_HOST = "$(BUILT_PRODUCTS_DIR)/Frydge.app/Frydge";
			};
			name = Debug;
		};
		A705FAAD237CFC5300C7520F /* Release */ = {
			isa = XCBuildConfiguration;
			buildSettings = {
				BUNDLE_LOADER = "$(TEST_HOST)";
				CODE_SIGN_STYLE = Automatic;
				INFOPLIST_FILE = FrydgeTests/Info.plist;
				IPHONEOS_DEPLOYMENT_TARGET = 13.2;
				LD_RUNPATH_SEARCH_PATHS = (
					"$(inherited)",
					"@executable_path/Frameworks",
					"@loader_path/Frameworks",
				);
				PRODUCT_BUNDLE_IDENTIFIER = Frydge.FrydgeTests;
				PRODUCT_NAME = "$(TARGET_NAME)";
				SWIFT_VERSION = 5.0;
				TARGETED_DEVICE_FAMILY = "1,2";
				TEST_HOST = "$(BUILT_PRODUCTS_DIR)/Frydge.app/Frydge";
			};
			name = Release;
		};
/* End XCBuildConfiguration section */

/* Begin XCConfigurationList section */
		4F5EEE8B2373E0E5000319CE /* Build configuration list for PBXProject "Frydge" */ = {
			isa = XCConfigurationList;
			buildConfigurations = (
				4F5EEEA52373E0E9000319CE /* Debug */,
				4F5EEEA62373E0E9000319CE /* Release */,
			);
			defaultConfigurationIsVisible = 0;
			defaultConfigurationName = Release;
		};
		4F5EEEA72373E0E9000319CE /* Build configuration list for PBXNativeTarget "Frydge" */ = {
			isa = XCConfigurationList;
			buildConfigurations = (
				4F5EEEA82373E0E9000319CE /* Debug */,
				4F5EEEA92373E0E9000319CE /* Release */,
			);
			defaultConfigurationIsVisible = 0;
			defaultConfigurationName = Release;
		};
		A705FAAE237CFC5300C7520F /* Build configuration list for PBXNativeTarget "FrydgeTests" */ = {
			isa = XCConfigurationList;
			buildConfigurations = (
				A705FAAC237CFC5300C7520F /* Debug */,
				A705FAAD237CFC5300C7520F /* Release */,
			);
			defaultConfigurationIsVisible = 0;
			defaultConfigurationName = Release;
		};
/* End XCConfigurationList section */

/* Begin XCVersionGroup section */
		4F5EEE9C2373E0E5000319CE /* Frydge.xcdatamodeld */ = {
			isa = XCVersionGroup;
			children = (
				4F5EEE9D2373E0E5000319CE /* Frydge.xcdatamodel */,
			);
			currentVersion = 4F5EEE9D2373E0E5000319CE /* Frydge.xcdatamodel */;
			path = Frydge.xcdatamodeld;
			sourceTree = "<group>";
			versionGroupType = wrapper.xcdatamodel;
		};
/* End XCVersionGroup section */
	};
	rootObject = 4F5EEE882373E0E5000319CE /* Project object */;
}
